
Microsoft Visual Studio Solution File, Format Version 12.00
Project("{FAE04EC0-301F-11D3-BF4B-00C04F79EFBC}") = "Oxide.Ext.SAC", "Oxide.Ext.SAC.csproj", "{EB16A620-EFE4-4126-84B7-E3280411524C}"
EndProject
Global
	GlobalSection(SolutionConfigurationPlatforms) = preSolution
		Debug|Any CPU = Debug|Any CPU
		Release|Any CPU = Release|Any CPU
	EndGlobalSection
	GlobalSection(ProjectConfigurationPlatforms) = postSolution
		{EB16A620-EFE4-4126-84B7-E3280411524C}.Debug|Any CPU.ActiveCfg = Debug|Any CPU
		{EB16A620-EFE4-4126-84B7-E3280411524C}.Debug|Any CPU.Build.0 = Debug|Any CPU
		{EB16A620-EFE4-4126-84B7-E3280411524C}.Release|Any CPU.ActiveCfg = Release|Any CPU
		{EB16A620-EFE4-4126-84B7-E3280411524C}.Release|Any CPU.Build.0 = Release|Any CPU
	EndGlobalSection
EndGlobal
